
Microsoft Visual Studio Solution File, Format Version 12.00
# Visual Studio Version 17
VisualStudioVersion = 17.14.36301.6 d17.14
MinimumVisualStudioVersion = 10.0.40219.1
Project("{FAE04EC0-301F-11D3-BF4B-00C04F79EFBC}") = "MugEngineTemplate", "MugEngineTemplate\MugEngineTemplate.csproj", "{1AA53454-960C-4FBC-8523-049F56F4A40A}"
EndProject
Global
	GlobalSection(SolutionConfigurationPlatforms) = preSolution
		Debug|Any CPU = Debug|Any CPU
		Release|Any CPU = Release|Any CPU
	EndGlobalSection
	GlobalSection(ProjectConfigurationPlatforms) = postSolution
		{1AA53454-960C-4FBC-8523-049F56F4A40A}.Debug|Any CPU.ActiveCfg = Debug|Any CPU
		{1AA53454-960C-4FBC-8523-049F56F4A40A}.Debug|Any CPU.Build.0 = Debug|Any CPU
		{1AA53454-960C-4FBC-8523-049F56F4A40A}.Release|Any CPU.ActiveCfg = Release|Any CPU
		{1AA53454-960C-4FBC-8523-049F56F4A40A}.Release|Any CPU.Build.0 = Release|Any CPU
	EndGlobalSection
	GlobalSection(SolutionProperties) = preSolution
		HideSolutionNode = FALSE
	EndGlobalSection
	GlobalSection(ExtensibilityGlobals) = postSolution
		SolutionGuid = {683C2E47-784A-49EB-A67D-D447D56A5D7B}
	EndGlobalSection
EndGlobal
